
Microsoft Visual Studio Solution File, Format Version 12.00
# Visual Studio Version 16
VisualStudioVersion = 16.0.30011.22
MinimumVisualStudioVersion = 10.0.40219.1
Project("{FAE04EC0-301F-11D3-BF4B-00C04F79EFBC}") = "Bookstore", "Bookstore.csproj", "{13222573-607B-48EA-B39B-44CCC7FA8E77}"
EndProject
Global
	GlobalSection(SolutionConfigurationPlatforms) = preSolution
		Debug|Any CPU = Debug|Any CPU
		Release|Any CPU = Release|Any CPU
	EndGlobalSection
	GlobalSection(ProjectConfigurationPlatforms) = postSolution
		{13222573-607B-48EA-B39B-44CCC7FA8E77}.Debug|Any CPU.ActiveCfg = Debug|Any CPU
		{13222573-607B-48EA-B39B-44CCC7FA8E77}.Debug|Any CPU.Build.0 = Debug|Any CPU
		{13222573-607B-48EA-B39B-44CCC7FA8E77}.Release|Any CPU.ActiveCfg = Release|Any CPU
		{13222573-607B-48EA-B39B-44CCC7FA8E77}.Release|Any CPU.Build.0 = Release|Any CPU
	EndGlobalSection
	GlobalSection(SolutionProperties) = preSolution
		HideSolutionNode = FALSE
	EndGlobalSection
	GlobalSection(ExtensibilityGlobals) = postSolution
		SolutionGuid = {36F9C215-DD2F-4EFE-98AB-E25F4F709F9F}
	EndGlobalSection
EndGlobal
